<?xml version="1.0" encoding="utf-8"?>
<Project ToolsVersion="4.0" xmlns="http://schemas.microsoft.com/developer/msbuild/2003">
  <ItemGroup>
    <Filter Include="Source Files">
      <UniqueIdentifier>{4FC737F1-C7A5-4376-A066-2A32D752A2FF}</UniqueIdentifier>
      <Extensions>cpp;c;cc;cxx;c++;cppm;ixx;def;odl;idl;hpj;bat;asm;asmx</Extensions>
    </Filter>
    <Filter Include="Header Files">
      <UniqueIdentifier>{93995380-89BD-4b04-88EB-625FBE52EBFB}</UniqueIdentifier>
      <Extensions>h;hh;hpp;hxx;h++;hm;inl;inc;ipp;xsd</Extensions>
    </Filter>
    <Filter Include="Resource Files">
      <UniqueIdentifier>{67DA6AB6-F800-4c08-8B7A-83BB121AAD01}</UniqueIdentifier>
      <Extensions>rc;ico;cur;bmp;dlg;rc2;rct;bin;rgs;gif;jpg;jpeg;jpe;resx;tiff;tif;png;wav;mfcribbon-ms</Extensions>
    </Filter>
  </ItemGroup>
  <ItemGroup>
    <ClCompile Include="CFManager\CFManager.cpp">
      <Filter>Source Files</Filter>
    </ClCompile>
    <ClCompile Include="CFManager\UI\Logging.cpp">
      <Filter>Source Files</Filter>
    </ClCompile>
    <ClCompile Include="CFManager\UI\render.cpp">
      <Filter>Source Files</Filter>
    </ClCompile>
    <ClCompile Include="Memory\InputManager.cpp">
      <Filter>Source Files</Filter>
    </ClCompile>
    <ClCompile Include="Memory\Memory.cpp">
      <Filter>Source Files</Filter>
    </ClCompile>
    <ClCompile Include="Memory\my_enc.cpp">
      <Filter>Source Files</Filter>
    </ClCompile>
    <ClCompile Include="Memory\pch.cpp">
      <Filter>Source Files</Filter>
    </ClCompile>
    <ClCompile Include="Memory\Registry.cpp">
      <Filter>Source Files</Filter>
    </ClCompile>
    <ClCompile Include="Memory\Shellcode.cpp">
      <Filter>Source Files</Filter>
    </ClCompile>
    <ClCompile Include="CFManager\UI\imgui\backends\imgui_impl_dx11.cpp">
      <Filter>Source Files</Filter>
    </ClCompile>
    <ClCompile Include="CFManager\UI\imgui\backends\imgui_impl_win32.cpp">
      <Filter>Source Files</Filter>
    </ClCompile>
    <ClCompile Include="CFManager\UI\imgui\misc\freetype\imgui_freetype.cpp">
      <Filter>Source Files</Filter>
    </ClCompile>
    <ClCompile Include="CFManager\UI\imgui\imgui.cpp">
      <Filter>Source Files</Filter>
    </ClCompile>
    <ClCompile Include="CFManager\UI\imgui\imgui_draw.cpp">
      <Filter>Source Files</Filter>
    </ClCompile>
    <ClCompile Include="CFManager\UI\imgui\imgui_freetype.cpp">
      <Filter>Source Files</Filter>
    </ClCompile>
    <ClCompile Include="CFManager\UI\imgui\imgui_knobs.cpp">
      <Filter>Source Files</Filter>
    </ClCompile>
    <ClCompile Include="CFManager\UI\imgui\imgui_tables.cpp">
      <Filter>Source Files</Filter>
    </ClCompile>
    <ClCompile Include="CFManager\UI\imgui\imgui_toggle.cpp">
      <Filter>Source Files</Filter>
    </ClCompile>
    <ClCompile Include="CFManager\UI\imgui\imgui_toggle_palette.cpp">
      <Filter>Source Files</Filter>
    </ClCompile>
    <ClCompile Include="CFManager\UI\imgui\imgui_toggle_presets.cpp">
      <Filter>Source Files</Filter>
    </ClCompile>
    <ClCompile Include="CFManager\UI\imgui\imgui_toggle_renderer.cpp">
      <Filter>Source Files</Filter>
    </ClCompile>
    <ClCompile Include="CFManager\UI\imgui\imgui_widgets.cpp">
      <Filter>Source Files</Filter>
    </ClCompile>
    <ClCompile Include="CFManager\Authentication\Auth.cpp">
      <Filter>Source Files</Filter>
    </ClCompile>
    <ClCompile Include="CFManager\UI\menu.cpp">
      <Filter>Source Files</Filter>
    </ClCompile>
    <ClCompile Include="CFManager\Config\globals.cpp">
      <Filter>Source Files</Filter>
    </ClCompile>
    <ClCompile Include="CFManager\ESP\Radar.cpp">
      <Filter>Source Files</Filter>
    </ClCompile>
    <ClCompile Include="CFManager\ESP\ESP.cpp">
      <Filter>Source Files</Filter>
    </ClCompile>
    <ClCompile Include="CFManager\Config\config.cpp">
      <Filter>Source Files</Filter>
    </ClCompile>
    <ClCompile Include="CFManager\Misc\Misc.cpp">
      <Filter>Source Files</Filter>
    </ClCompile>
    <ClCompile Include="CFManager\Aimbot\AimHelper.cpp">
      <Filter>Source Files</Filter>
    </ClCompile>
  </ItemGroup>
  <ItemGroup>
    <ClInclude Include="UI\Logging.h">
      <Filter>Header Files</Filter>
    </ClInclude>
    <ClInclude Include="Authentication\xorstr.hpp">
      <Filter>Header Files</Filter>
    </ClInclude>
    <ClInclude Include="CFManager\UI\Logging.h">
      <Filter>Header Files</Filter>
    </ClInclude>
    <ClInclude Include="CFManager\Authentication\xorstr.hpp">
      <Filter>Header Files</Filter>
    </ClInclude>
    <ClInclude Include="CFManager\CFManager.h">
      <Filter>Header Files</Filter>
    </ClInclude>
    <ClInclude Include="CFManager\UI\font.h">
      <Filter>Header Files</Filter>
    </ClInclude>
    <ClInclude Include="CFManager\UI\image.h">
      <Filter>Header Files</Filter>
    </ClInclude>
    <ClInclude Include="CFManager\UI\imgui\backends\imgui_impl_dx11.h">
      <Filter>Header Files</Filter>
    </ClInclude>
    <ClInclude Include="CFManager\UI\imgui\backends\imgui_impl_win32.h">
      <Filter>Header Files</Filter>
    </ClInclude>
    <ClInclude Include="CFManager\UI\imgui\D3DX11.h">
      <Filter>Header Files</Filter>
    </ClInclude>
    <ClInclude Include="CFManager\UI\imgui\D3DX11tex.h">
      <Filter>Header Files</Filter>
    </ClInclude>
    <ClInclude Include="CFManager\UI\imgui\imconfig.h">
      <Filter>Header Files</Filter>
    </ClInclude>
    <ClInclude Include="CFManager\UI\imgui\imgui.h">
      <Filter>Header Files</Filter>
    </ClInclude>
    <ClInclude Include="CFManager\UI\imgui\imgui_elements.h">
      <Filter>Header Files</Filter>
    </ClInclude>
    <ClInclude Include="CFManager\UI\imgui\imgui_freetype.h">
      <Filter>Header Files</Filter>
    </ClInclude>
    <ClInclude Include="CFManager\UI\imgui\imgui_internal.h">
      <Filter>Header Files</Filter>
    </ClInclude>
    <ClInclude Include="CFManager\UI\imgui\imgui_knobs.h">
      <Filter>Header Files</Filter>
    </ClInclude>
    <ClInclude Include="CFManager\UI\imgui\imgui_offset_rect.h">
      <Filter>Header Files</Filter>
    </ClInclude>
    <ClInclude Include="CFManager\UI\imgui\imgui_settings.h">
      <Filter>Header Files</Filter>
    </ClInclude>
    <ClInclude Include="CFManager\UI\imgui\imgui_toggle.h">
      <Filter>Header Files</Filter>
    </ClInclude>
    <ClInclude Include="CFManager\UI\imgui\imgui_toggle_math.h">
      <Filter>Header Files</Filter>
    </ClInclude>
    <ClInclude Include="CFManager\UI\imgui\imgui_toggle_palette.h">
      <Filter>Header Files</Filter>
    </ClInclude>
    <ClInclude Include="CFManager\UI\imgui\imgui_toggle_presets.h">
      <Filter>Header Files</Filter>
    </ClInclude>
    <ClInclude Include="CFManager\UI\imgui\imgui_toggle_renderer.h">
      <Filter>Header Files</Filter>
    </ClInclude>
    <ClInclude Include="CFManager\UI\imgui\imstb_rectpack.h">
      <Filter>Header Files</Filter>
    </ClInclude>
    <ClInclude Include="CFManager\UI\imgui\imstb_textedit.h">
      <Filter>Header Files</Filter>
    </ClInclude>
    <ClInclude Include="CFManager\UI\imgui\imstb_truetype.h">
      <Filter>Header Files</Filter>
    </ClInclude>
    <ClInclude Include="CFManager\UI\imgui\misc\freetype\imgui_freetype.h">
      <Filter>Header Files</Filter>
    </ClInclude>
    <ClInclude Include="CFManager\UI\render.h">
      <Filter>Header Files</Filter>
    </ClInclude>
    <ClInclude Include="CFManager\UI\notify.h">
      <Filter>Header Files</Filter>
    </ClInclude>
    <ClInclude Include="imgui\backends\imgui_impl_dx11.h">
      <Filter>Header Files</Filter>
    </ClInclude>
    <ClInclude Include="imgui\backends\imgui_impl_win32.h">
      <Filter>Header Files</Filter>
    </ClInclude>
    <ClInclude Include="imgui\D3DX11.h">
      <Filter>Header Files</Filter>
    </ClInclude>
    <ClInclude Include="imgui\D3DX11tex.h">
      <Filter>Header Files</Filter>
    </ClInclude>
    <ClInclude Include="imgui\imconfig.h">
      <Filter>Header Files</Filter>
    </ClInclude>
    <ClInclude Include="imgui\imgui.h">
      <Filter>Header Files</Filter>
    </ClInclude>
    <ClInclude Include="imgui\imgui_elements.h">
      <Filter>Header Files</Filter>
    </ClInclude>
    <ClInclude Include="imgui\imgui_freetype.h">
      <Filter>Header Files</Filter>
    </ClInclude>
    <ClInclude Include="imgui\imgui_internal.h">
      <Filter>Header Files</Filter>
    </ClInclude>
    <ClInclude Include="imgui\imgui_knobs.h">
      <Filter>Header Files</Filter>
    </ClInclude>
    <ClInclude Include="imgui\imgui_offset_rect.h">
      <Filter>Header Files</Filter>
    </ClInclude>
    <ClInclude Include="imgui\imgui_settings.h">
      <Filter>Header Files</Filter>
    </ClInclude>
    <ClInclude Include="imgui\imgui_toggle.h">
      <Filter>Header Files</Filter>
    </ClInclude>
    <ClInclude Include="imgui\imgui_toggle_math.h">
      <Filter>Header Files</Filter>
    </ClInclude>
    <ClInclude Include="imgui\imgui_toggle_palette.h">
      <Filter>Header Files</Filter>
    </ClInclude>
    <ClInclude Include="imgui\imgui_toggle_presets.h">
      <Filter>Header Files</Filter>
    </ClInclude>
    <ClInclude Include="imgui\imgui_toggle_renderer.h">
      <Filter>Header Files</Filter>
    </ClInclude>
    <ClInclude Include="imgui\imstb_rectpack.h">
      <Filter>Header Files</Filter>
    </ClInclude>
    <ClInclude Include="imgui\imstb_textedit.h">
      <Filter>Header Files</Filter>
    </ClInclude>
    <ClInclude Include="imgui\imstb_truetype.h">
      <Filter>Header Files</Filter>
    </ClInclude>
    <ClInclude Include="imgui\misc\freetype\imgui_freetype.h">
      <Filter>Header Files</Filter>
    </ClInclude>
    <ClInclude Include="Memory\consts.h">
      <Filter>Header Files</Filter>
    </ClInclude>
    <ClInclude Include="Memory\HidTable.h">
      <Filter>Header Files</Filter>
    </ClInclude>
    <ClInclude Include="Memory\InputManager.h">
      <Filter>Header Files</Filter>
    </ClInclude>
    <ClInclude Include="Memory\KMBOX.h">
      <Filter>Header Files</Filter>
    </ClInclude>
    <ClInclude Include="Memory\kmnetlogo.h">
      <Filter>Header Files</Filter>
    </ClInclude>
    <ClInclude Include="Memory\Memory.h">
      <Filter>Header Files</Filter>
    </ClInclude>
    <ClInclude Include="Memory\my_enc.h">
      <Filter>Header Files</Filter>
    </ClInclude>
    <ClInclude Include="Memory\Registry.h">
      <Filter>Header Files</Filter>
    </ClInclude>
    <ClInclude Include="Memory\Shellcode.h">
      <Filter>Header Files</Filter>
    </ClInclude>
    <ClInclude Include="Memory\structs.h">
      <Filter>Header Files</Filter>
    </ClInclude>
    <ClInclude Include="Memory\window.h">
      <Filter>Header Files</Filter>
    </ClInclude>
    <ClInclude Include="Memory\xorstr.hpp">
      <Filter>Header Files</Filter>
    </ClInclude>
    <ClInclude Include="CFManager\Authentication\auth.hpp">
      <Filter>Header Files</Filter>
    </ClInclude>
    <ClInclude Include="resource.h">
      <Filter>Header Files</Filter>
    </ClInclude>
    <ClInclude Include="CFManager\Cache\Cache.h">
      <Filter>Header Files</Filter>
    </ClInclude>
    <ClInclude Include="CFManager\Cache\CacheManager.h">
      <Filter>Header Files</Filter>
    </ClInclude>
    <ClInclude Include="CFManager\Classes.h">
      <Filter>Header Files</Filter>
    </ClInclude>
    <ClInclude Include="CFManager\offsets.h">
      <Filter>Header Files</Filter>
    </ClInclude>
    <ClInclude Include="CFManager\Config\globals.h">
      <Filter>Header Files</Filter>
    </ClInclude>
    <ClInclude Include="CFManager\ESP\ESP.h">
      <Filter>Header Files</Filter>
    </ClInclude>
    <ClInclude Include="CFManager\Config\config.h">
      <Filter>Header Files</Filter>
    </ClInclude>
    <ClInclude Include="CFManager\Config\json.hpp">
      <Filter>Header Files</Filter>
    </ClInclude>
    <ClInclude Include="CFManager\Aimbot\AimHelper.h">
      <Filter>Header Files</Filter>
    </ClInclude>
    <ClInclude Include="CFManager\region_header.h">
      <Filter>Header Files</Filter>
    </ClInclude>
    <ClInclude Include="CFManager\cn_classes.h">
      <Filter>Header Files</Filter>
    </ClInclude>
    <ClInclude Include="CFManager\cn_offsets.h">
      <Filter>Header Files</Filter>
    </ClInclude>
    <ClInclude Include="CFManager\Misc\Misc.h">
      <Filter>Header Files</Filter>
    </ClInclude>
  </ItemGroup>
  <ItemGroup>
    <ResourceCompile Include="CFManager.rc">
      <Filter>Resource Files</Filter>
    </ResourceCompile>
  </ItemGroup>
  <ItemGroup>
    <None Include="cpp.hint" />
  </ItemGroup>
</Project>