<?xml version="1.0" encoding="utf-8"?>
<Project ToolsVersion="4.0" xmlns="http://schemas.microsoft.com/developer/msbuild/2003">
  <ItemGroup>
    <Filter Include="imgui">
      <UniqueIdentifier>{0587d7a3-f2ce-4d56-b84f-a0005d3bfce6}</UniqueIdentifier>
    </Filter>
    <Filter Include="sources">
      <UniqueIdentifier>{08e36723-ce4f-4cff-9662-c40801cf1acf}</UniqueIdentifier>
    </Filter>
  </ItemGroup>
  <ItemGroup>
    <ClInclude Include="..\..\imconfig.h">
      <Filter>imgui</Filter>
    </ClInclude>
    <ClInclude Include="..\..\imgui.h">
      <Filter>imgui</Filter>
    </ClInclude>
    <ClInclude Include="..\..\imgui_internal.h">
      <Filter>imgui</Filter>
    </ClInclude>
    <ClInclude Include="..\..\imgui_settings.h">
      <Filter>imgui</Filter>
    </ClInclude>
    <ClInclude Include="..\..\imgui_freetype.h">
      <Filter>imgui</Filter>
    </ClInclude>
    <ClInclude Include="font.h">
      <Filter>sources</Filter>
    </ClInclude>
    <ClInclude Include="image.h">
      <Filter>sources</Filter>
    </ClInclude>
    <ClInclude Include="D3DX11tex.h" />
    <ClInclude Include="imgui\backends\imgui_impl_dx11.h" />
    <ClInclude Include="imgui\backends\imgui_impl_win32.h" />
    <ClInclude Include="imgui\misc\freetype\imgui_freetype.h" />
    <ClInclude Include="imgui\imconfig.h" />
    <ClInclude Include="imgui\imgui.h" />
    <ClInclude Include="imgui\imgui_freetype.h" />
    <ClInclude Include="imgui\imgui_internal.h" />
    <ClInclude Include="imgui\imgui_settings.h" />
    <ClInclude Include="imgui\imstb_rectpack.h" />
    <ClInclude Include="imgui\imstb_textedit.h" />
    <ClInclude Include="imgui\imstb_truetype.h" />
    <ClInclude Include="Memory\consts.h" />
    <ClInclude Include="Memory\HidTable.h" />
    <ClInclude Include="Memory\InputManager.h" />
    <ClInclude Include="Memory\KMBOX.h" />
    <ClInclude Include="Memory\kmnetlogo.h" />
    <ClInclude Include="Memory\Memory.h" />
    <ClInclude Include="Memory\my_enc.h" />
    <ClInclude Include="Memory\Registry.h" />
    <ClInclude Include="Memory\Shellcode.h" />
    <ClInclude Include="Memory\structs.h" />
    <ClInclude Include="Memory\xorstr.hpp" />
    <ClInclude Include="offsets.h" />
    <ClInclude Include="Classes.h" />
    <ClInclude Include="Cache\Cache.h" />
    <ClInclude Include="Cache\CacheManager.h" />
    <ClInclude Include="Overlay.h" />
    <ClInclude Include="Memory\window.h" />
  </ItemGroup>
  <ItemGroup>
    <ClCompile Include="main.cpp">
      <Filter>sources</Filter>
    </ClCompile>
    <ClCompile Include="imgui\backends\imgui_impl_dx11.cpp" />
    <ClCompile Include="imgui\backends\imgui_impl_win32.cpp" />
    <ClCompile Include="imgui\misc\freetype\imgui_freetype.cpp" />
    <ClCompile Include="imgui\imgui.cpp" />
    <ClCompile Include="imgui\imgui_draw.cpp" />
    <ClCompile Include="imgui\imgui_freetype.cpp" />
    <ClCompile Include="imgui\imgui_tables.cpp" />
    <ClCompile Include="imgui\imgui_widgets.cpp" />
    <ClCompile Include="Memory\InputManager.cpp" />
    <ClCompile Include="Memory\Memory.cpp" />
    <ClCompile Include="Memory\my_enc.cpp" />
    <ClCompile Include="Memory\pch.cpp" />
    <ClCompile Include="Memory\Registry.cpp" />
    <ClCompile Include="Memory\Shellcode.cpp" />
  </ItemGroup>
  <ItemGroup>
    <None Include="..\..\misc\debuggers\imgui.natvis">
      <Filter>imgui</Filter>
    </None>
    <None Include="..\..\misc\debuggers\imgui.natstepfilter">
      <Filter>imgui</Filter>
    </None>
  </ItemGroup>
  <ItemGroup>
    <Library Include="..\..\freetype\win64\freetype.lib">
      <Filter>imgui</Filter>
    </Library>
  </ItemGroup>
</Project>